
Microsoft Visual Studio Solution File, Format Version 12.00
# Visual Studio Version 16
VisualStudioVersion = 16.0.32602.291
MinimumVisualStudioVersion = 10.0.40219.1
Project("{FAE04EC0-301F-11D3-BF4B-00C04F79EFBC}") = "Sweeft_Ac", "Sweeft_Ac\Sweeft_Ac.csproj", "{8B348A93-1CFB-46E9-95A3-3B255B732E3D}"
EndProject
Project("{FAE04EC0-301F-11D3-BF4B-00C04F79EFBC}") = "School.Domain", "School.Domain\School.Domain.csproj", "{E0D1BBD6-2B34-4CF9-BA19-F87CC5E6BBEB}"
EndProject
Project("{FAE04EC0-301F-11D3-BF4B-00C04F79EFBC}") = "School.Repository", "School.Repository\School.Repository.csproj", "{5741D5F0-8937-4AC3-84C9-568DA05ECA09}"
EndProject
Global
	GlobalSection(SolutionConfigurationPlatforms) = preSolution
		Debug|Any CPU = Debug|Any CPU
		Release|Any CPU = Release|Any CPU
	EndGlobalSection
	GlobalSection(ProjectConfigurationPlatforms) = postSolution
		{8B348A93-1CFB-46E9-95A3-3B255B732E3D}.Debug|Any CPU.ActiveCfg = Debug|Any CPU
		{8B348A93-1CFB-46E9-95A3-3B255B732E3D}.Debug|Any CPU.Build.0 = Debug|Any CPU
		{8B348A93-1CFB-46E9-95A3-3B255B732E3D}.Release|Any CPU.ActiveCfg = Release|Any CPU
		{8B348A93-1CFB-46E9-95A3-3B255B732E3D}.Release|Any CPU.Build.0 = Release|Any CPU
		{E0D1BBD6-2B34-4CF9-BA19-F87CC5E6BBEB}.Debug|Any CPU.ActiveCfg = Debug|Any CPU
		{E0D1BBD6-2B34-4CF9-BA19-F87CC5E6BBEB}.Debug|Any CPU.Build.0 = Debug|Any CPU
		{E0D1BBD6-2B34-4CF9-BA19-F87CC5E6BBEB}.Release|Any CPU.ActiveCfg = Release|Any CPU
		{E0D1BBD6-2B34-4CF9-BA19-F87CC5E6BBEB}.Release|Any CPU.Build.0 = Release|Any CPU
		{5741D5F0-8937-4AC3-84C9-568DA05ECA09}.Debug|Any CPU.ActiveCfg = Debug|Any CPU
		{5741D5F0-8937-4AC3-84C9-568DA05ECA09}.Debug|Any CPU.Build.0 = Debug|Any CPU
		{5741D5F0-8937-4AC3-84C9-568DA05ECA09}.Release|Any CPU.ActiveCfg = Release|Any CPU
		{5741D5F0-8937-4AC3-84C9-568DA05ECA09}.Release|Any CPU.Build.0 = Release|Any CPU
	EndGlobalSection
	GlobalSection(SolutionProperties) = preSolution
		HideSolutionNode = FALSE
	EndGlobalSection
	GlobalSection(ExtensibilityGlobals) = postSolution
		SolutionGuid = {1F63F6EC-86DF-430F-834A-E4A0D25BFCCF}
	EndGlobalSection
EndGlobal
